
Microsoft Visual Studio Solution File, Format Version 12.00
# Visual Studio Version 17
VisualStudioVersion = 17.11.35219.272
MinimumVisualStudioVersion = 10.0.40219.1
Project("{FAE04EC0-301F-11D3-BF4B-00C04F79EFBC}") = "DrivingSchoolServer", "DrivingSchoolServer\DrivingSchoolServer.csproj", "{8BB85BC0-0AC1-405E-B2A0-C37A98C48ADF}"
EndProject
Global
	GlobalSection(SolutionConfigurationPlatforms) = preSolution
		Debug|Any CPU = Debug|Any CPU
		Release|Any CPU = Release|Any CPU
	EndGlobalSection
	GlobalSection(ProjectConfigurationPlatforms) = postSolution
		{8BB85BC0-0AC1-405E-B2A0-C37A98C48ADF}.Debug|Any CPU.ActiveCfg = Debug|Any CPU
		{8BB85BC0-0AC1-405E-B2A0-C37A98C48ADF}.Debug|Any CPU.Build.0 = Debug|Any CPU
		{8BB85BC0-0AC1-405E-B2A0-C37A98C48ADF}.Release|Any CPU.ActiveCfg = Release|Any CPU
		{8BB85BC0-0AC1-405E-B2A0-C37A98C48ADF}.Release|Any CPU.Build.0 = Release|Any CPU
	EndGlobalSection
	GlobalSection(SolutionProperties) = preSolution
		HideSolutionNode = FALSE
	EndGlobalSection
	GlobalSection(ExtensibilityGlobals) = postSolution
		SolutionGuid = {5ABFB91F-BFEB-4C20-B89F-3FAA7D461D07}
	EndGlobalSection
EndGlobal
